
Microsoft Visual Studio Solution File, Format Version 12.00
# Visual Studio Version 17
VisualStudioVersion = 17.2.32519.379
MinimumVisualStudioVersion = 10.0.40219.1
Project("{2150E333-8FDC-42A3-9474-1A3956D46DE8}") = "Services", "Services", "{862095FC-CEB3-4A63-ADBF-828814D72951}"
EndProject
Project("{2150E333-8FDC-42A3-9474-1A3956D46DE8}") = "Catalog", "Catalog", "{A79E42A3-445B-41C4-A6D1-1BF6CA17DFD7}"
EndProject
Project("{9A19103F-16F7-4668-BE54-9A1E7A4F7556}") = "Catalog.API", "Services\Catalog\Catalog.API\Catalog.API.csproj", "{EA4E54DB-F56C-4A9B-9D03-189BF8693895}"
EndProject
Project("{E53339B2-1760-4266-BCC7-CA923CBCF16C}") = "docker-compose", "docker-compose.dcproj", "{DAD90232-EBA4-4CBF-8C2C-507905D02F81}"
EndProject
Project("{2150E333-8FDC-42A3-9474-1A3956D46DE8}") = "Basket", "Basket", "{BE9607B1-A206-4AFF-8110-873B2F5B6E93}"
EndProject
Project("{9A19103F-16F7-4668-BE54-9A1E7A4F7556}") = "Basket.API", "Services\Basket\Basket.API\Basket.API.csproj", "{BBF7ADB0-403D-400B-90A4-EE7743C2EFC3}"
EndProject
Project("{2150E333-8FDC-42A3-9474-1A3956D46DE8}") = "Entities", "Entities", "{BC50399B-FD72-459E-8BB7-33752AA838E0}"
	ProjectSection(SolutionItems) = preProject
		Class2.cs = Class2.cs
	EndProjectSection
EndProject
Global
	GlobalSection(SolutionConfigurationPlatforms) = preSolution
		Debug|Any CPU = Debug|Any CPU
		Release|Any CPU = Release|Any CPU
	EndGlobalSection
	GlobalSection(ProjectConfigurationPlatforms) = postSolution
		{EA4E54DB-F56C-4A9B-9D03-189BF8693895}.Debug|Any CPU.ActiveCfg = Debug|Any CPU
		{EA4E54DB-F56C-4A9B-9D03-189BF8693895}.Debug|Any CPU.Build.0 = Debug|Any CPU
		{EA4E54DB-F56C-4A9B-9D03-189BF8693895}.Release|Any CPU.ActiveCfg = Release|Any CPU
		{EA4E54DB-F56C-4A9B-9D03-189BF8693895}.Release|Any CPU.Build.0 = Release|Any CPU
		{DAD90232-EBA4-4CBF-8C2C-507905D02F81}.Debug|Any CPU.ActiveCfg = Debug|Any CPU
		{DAD90232-EBA4-4CBF-8C2C-507905D02F81}.Debug|Any CPU.Build.0 = Debug|Any CPU
		{DAD90232-EBA4-4CBF-8C2C-507905D02F81}.Release|Any CPU.ActiveCfg = Release|Any CPU
		{DAD90232-EBA4-4CBF-8C2C-507905D02F81}.Release|Any CPU.Build.0 = Release|Any CPU
		{BBF7ADB0-403D-400B-90A4-EE7743C2EFC3}.Debug|Any CPU.ActiveCfg = Debug|Any CPU
		{BBF7ADB0-403D-400B-90A4-EE7743C2EFC3}.Debug|Any CPU.Build.0 = Debug|Any CPU
		{BBF7ADB0-403D-400B-90A4-EE7743C2EFC3}.Release|Any CPU.ActiveCfg = Release|Any CPU
		{BBF7ADB0-403D-400B-90A4-EE7743C2EFC3}.Release|Any CPU.Build.0 = Release|Any CPU
	EndGlobalSection
	GlobalSection(SolutionProperties) = preSolution
		HideSolutionNode = FALSE
	EndGlobalSection
	GlobalSection(NestedProjects) = preSolution
		{A79E42A3-445B-41C4-A6D1-1BF6CA17DFD7} = {862095FC-CEB3-4A63-ADBF-828814D72951}
		{EA4E54DB-F56C-4A9B-9D03-189BF8693895} = {A79E42A3-445B-41C4-A6D1-1BF6CA17DFD7}
		{BE9607B1-A206-4AFF-8110-873B2F5B6E93} = {862095FC-CEB3-4A63-ADBF-828814D72951}
		{BBF7ADB0-403D-400B-90A4-EE7743C2EFC3} = {BE9607B1-A206-4AFF-8110-873B2F5B6E93}
		{BC50399B-FD72-459E-8BB7-33752AA838E0} = {BE9607B1-A206-4AFF-8110-873B2F5B6E93}
	EndGlobalSection
	GlobalSection(ExtensibilityGlobals) = postSolution
		SolutionGuid = {B1E5BCFC-E5A4-4D92-8403-3961A9A04CDE}
	EndGlobalSection
EndGlobal
